
Microsoft Visual Studio Solution File, Format Version 12.00
# Visual Studio 15
Project("{FAE04EC0-301F-11D3-BF4B-00C04F79EFBC}") = "Assembly-CSharp", "Assembly-CSharp.csproj", "{EF5A34E9-C648-A4D4-0471-470D4B763E29}"
EndProject
Project("{FAE04EC0-301F-11D3-BF4B-00C04F79EFBC}") = "Assembly-CSharp-Editor", "Assembly-CSharp-Editor.csproj", "{265E3CDD-7125-0088-8A01-F327DFACEE37}"
EndProject
Global
	GlobalSection(SolutionConfigurationPlatforms) = preSolution
		Debug|Any CPU = Debug|Any CPU
		Release|Any CPU = Release|Any CPU
	EndGlobalSection
	GlobalSection(ProjectConfigurationPlatforms) = postSolution
		{EF5A34E9-C648-A4D4-0471-470D4B763E29}.Debug|Any CPU.ActiveCfg = Debug|Any CPU
		{EF5A34E9-C648-A4D4-0471-470D4B763E29}.Debug|Any CPU.Build.0 = Debug|Any CPU
		{EF5A34E9-C648-A4D4-0471-470D4B763E29}.Release|Any CPU.ActiveCfg = Release|Any CPU
		{EF5A34E9-C648-A4D4-0471-470D4B763E29}.Release|Any CPU.Build.0 = Release|Any CPU
		{265E3CDD-7125-0088-8A01-F327DFACEE37}.Debug|Any CPU.ActiveCfg = Debug|Any CPU
		{265E3CDD-7125-0088-8A01-F327DFACEE37}.Debug|Any CPU.Build.0 = Debug|Any CPU
		{265E3CDD-7125-0088-8A01-F327DFACEE37}.Release|Any CPU.ActiveCfg = Release|Any CPU
		{265E3CDD-7125-0088-8A01-F327DFACEE37}.Release|Any CPU.Build.0 = Release|Any CPU
	EndGlobalSection
	GlobalSection(SolutionProperties) = preSolution
		HideSolutionNode = FALSE
	EndGlobalSection
EndGlobal
